
Microsoft Visual Studio Solution File, Format Version 12.00
# Visual Studio Version 17
VisualStudioVersion = 17.0.32014.148
MinimumVisualStudioVersion = 10.0.40219.1
Project("{2150E333-8FDC-42A3-9474-1A3956D46DE8}") = "Solution Items", "Solution Items", "{BC172F8E-35AF-4EEC-AEDF-CCE767825B3B}"
	ProjectSection(SolutionItems) = preProject
		.gitignore = .gitignore
		.hgignore = .hgignore
		LICENSE = LICENSE
		README.md = README.md
	EndProjectSection
EndProject
Project("{9A19103F-16F7-4668-BE54-9A1E7A4F7556}") = "Lcl.RunLib", "Lcl.RunLib\Lcl.RunLib.csproj", "{0AD6E0C1-4882-4351-A355-26CDBD44BD97}"
EndProject
Project("{2150E333-8FDC-42A3-9474-1A3956D46DE8}") = "Libraries", "Libraries", "{03CC00CA-71E7-4D24-A7F2-8ECD62FE22BE}"
EndProject
Project("{2150E333-8FDC-42A3-9474-1A3956D46DE8}") = "Tests", "Tests", "{8FF4E1D3-A9DF-499F-A8AD-0569E06CFE77}"
EndProject
Project("{9A19103F-16F7-4668-BE54-9A1E7A4F7556}") = "UnitTests.Lcl.RunLib", "UnitTests.Lcl.RunLib\UnitTests.Lcl.RunLib.csproj", "{6FD042F0-782F-4530-B7B4-DEE825AAD130}"
EndProject
Project("{2150E333-8FDC-42A3-9474-1A3956D46DE8}") = "Applications", "Applications", "{2D83D445-A92A-42AB-8D1F-C86314561F0B}"
EndProject
Project("{6EC3EE1D-3C4E-46DD-8F32-0CC8E7565705}") = "runapp", "runapp\runapp.fsproj", "{2AB07FC8-B669-457C-BF45-A35B710A422C}"
EndProject
Global
	GlobalSection(SolutionConfigurationPlatforms) = preSolution
		Debug|Any CPU = Debug|Any CPU
		Release|Any CPU = Release|Any CPU
	EndGlobalSection
	GlobalSection(ProjectConfigurationPlatforms) = postSolution
		{0AD6E0C1-4882-4351-A355-26CDBD44BD97}.Debug|Any CPU.ActiveCfg = Debug|Any CPU
		{0AD6E0C1-4882-4351-A355-26CDBD44BD97}.Debug|Any CPU.Build.0 = Debug|Any CPU
		{0AD6E0C1-4882-4351-A355-26CDBD44BD97}.Release|Any CPU.ActiveCfg = Release|Any CPU
		{0AD6E0C1-4882-4351-A355-26CDBD44BD97}.Release|Any CPU.Build.0 = Release|Any CPU
		{6FD042F0-782F-4530-B7B4-DEE825AAD130}.Debug|Any CPU.ActiveCfg = Debug|Any CPU
		{6FD042F0-782F-4530-B7B4-DEE825AAD130}.Debug|Any CPU.Build.0 = Debug|Any CPU
		{6FD042F0-782F-4530-B7B4-DEE825AAD130}.Release|Any CPU.ActiveCfg = Release|Any CPU
		{6FD042F0-782F-4530-B7B4-DEE825AAD130}.Release|Any CPU.Build.0 = Release|Any CPU
		{2AB07FC8-B669-457C-BF45-A35B710A422C}.Debug|Any CPU.ActiveCfg = Debug|Any CPU
		{2AB07FC8-B669-457C-BF45-A35B710A422C}.Debug|Any CPU.Build.0 = Debug|Any CPU
		{2AB07FC8-B669-457C-BF45-A35B710A422C}.Release|Any CPU.ActiveCfg = Release|Any CPU
		{2AB07FC8-B669-457C-BF45-A35B710A422C}.Release|Any CPU.Build.0 = Release|Any CPU
	EndGlobalSection
	GlobalSection(SolutionProperties) = preSolution
		HideSolutionNode = FALSE
	EndGlobalSection
	GlobalSection(NestedProjects) = preSolution
		{0AD6E0C1-4882-4351-A355-26CDBD44BD97} = {03CC00CA-71E7-4D24-A7F2-8ECD62FE22BE}
		{6FD042F0-782F-4530-B7B4-DEE825AAD130} = {8FF4E1D3-A9DF-499F-A8AD-0569E06CFE77}
		{2AB07FC8-B669-457C-BF45-A35B710A422C} = {2D83D445-A92A-42AB-8D1F-C86314561F0B}
	EndGlobalSection
	GlobalSection(ExtensibilityGlobals) = postSolution
		SolutionGuid = {D63D4514-7ADD-4E31-86D6-2EF0D2B2552E}
	EndGlobalSection
EndGlobal
